// !$*UTF8*$!
{
	archiveVersion = 1;
	classes = {
	};
	objectVersion = 77;
	objects = {

/* Begin PBXBuildFile section */
		7A06228F5A6E39AEAA5D483A /* Pods_TheMovieDbTests.framework in Frameworks */ = {isa = PBXBuildFile; fileRef = FE07E1ABC60AE0A11B9BE393 /* Pods_TheMovieDbTests.framework */; };
		A56C5E9FF10B7568D0DA3C71 /* Pods_TheMovieDb_TheMovieDbUITests.framework in Frameworks */ = {isa = PBXBuildFile; fileRef = EAED5FC32019B4ACB4E96800 /* Pods_TheMovieDb_TheMovieDbUITests.framework */; };
		E797E0AF94D07548E271436E /* Pods_TheMovieDb.framework in Frameworks */ = {isa = PBXBuildFile; fileRef = B8C3824FF16C830B89560D46 /* Pods_TheMovieDb.framework */; };
/* End PBXBuildFile section */

/* Begin PBXContainerItemProxy section */
		ED51BD732D1162E5002A1DC8 /* PBXContainerItemProxy */ = {
			isa = PBXContainerItemProxy;
			containerPortal = ED51BD542D1162E1002A1DC8 /* Project object */;
			proxyType = 1;
			remoteGlobalIDString = ED51BD5B2D1162E1002A1DC8;
			remoteInfo = TheMovieDb;
		};
		ED51BD7D2D1162E5002A1DC8 /* PBXContainerItemProxy */ = {
			isa = PBXContainerItemProxy;
			containerPortal = ED51BD542D1162E1002A1DC8 /* Project object */;
			proxyType = 1;
			remoteGlobalIDString = ED51BD5B2D1162E1002A1DC8;
			remoteInfo = TheMovieDb;
		};
/* End PBXContainerItemProxy section */

/* Begin PBXFileReference section */
		07A3675D5F20E6FAC43D7465 /* Pods-TheMovieDb-TheMovieDbUITests.debug.xcconfig */ = {isa = PBXFileReference; includeInIndex = 1; lastKnownFileType = text.xcconfig; name = "Pods-TheMovieDb-TheMovieDbUITests.debug.xcconfig"; path = "Target Support Files/Pods-TheMovieDb-TheMovieDbUITests/Pods-TheMovieDb-TheMovieDbUITests.debug.xcconfig"; sourceTree = "<group>"; };
		12249E9E630BC9BE4A103F73 /* Pods-TheMovieDb.debug.xcconfig */ = {isa = PBXFileReference; includeInIndex = 1; lastKnownFileType = text.xcconfig; name = "Pods-TheMovieDb.debug.xcconfig"; path = "Target Support Files/Pods-TheMovieDb/Pods-TheMovieDb.debug.xcconfig"; sourceTree = "<group>"; };
		1450F952176604A56B5CADB0 /* Pods-TheMovieDb-TheMovieDbUITests.release.xcconfig */ = {isa = PBXFileReference; includeInIndex = 1; lastKnownFileType = text.xcconfig; name = "Pods-TheMovieDb-TheMovieDbUITests.release.xcconfig"; path = "Target Support Files/Pods-TheMovieDb-TheMovieDbUITests/Pods-TheMovieDb-TheMovieDbUITests.release.xcconfig"; sourceTree = "<group>"; };
		90C488C25A3192F5A24FF538 /* Pods-TheMovieDbTests.release.xcconfig */ = {isa = PBXFileReference; includeInIndex = 1; lastKnownFileType = text.xcconfig; name = "Pods-TheMovieDbTests.release.xcconfig"; path = "Target Support Files/Pods-TheMovieDbTests/Pods-TheMovieDbTests.release.xcconfig"; sourceTree = "<group>"; };
		B8C3824FF16C830B89560D46 /* Pods_TheMovieDb.framework */ = {isa = PBXFileReference; explicitFileType = wrapper.framework; includeInIndex = 0; path = Pods_TheMovieDb.framework; sourceTree = BUILT_PRODUCTS_DIR; };
		C200F542C00E3B5E2CFD77EB /* Pods-TheMovieDbTests.debug.xcconfig */ = {isa = PBXFileReference; includeInIndex = 1; lastKnownFileType = text.xcconfig; name = "Pods-TheMovieDbTests.debug.xcconfig"; path = "Target Support Files/Pods-TheMovieDbTests/Pods-TheMovieDbTests.debug.xcconfig"; sourceTree = "<group>"; };
		EAED5FC32019B4ACB4E96800 /* Pods_TheMovieDb_TheMovieDbUITests.framework */ = {isa = PBXFileReference; explicitFileType = wrapper.framework; includeInIndex = 0; path = Pods_TheMovieDb_TheMovieDbUITests.framework; sourceTree = BUILT_PRODUCTS_DIR; };
		ED51BD5C2D1162E1002A1DC8 /* TheMovieDb.app */ = {isa = PBXFileReference; explicitFileType = wrapper.application; includeInIndex = 0; path = TheMovieDb.app; sourceTree = BUILT_PRODUCTS_DIR; };
		ED51BD722D1162E5002A1DC8 /* TheMovieDbTests.xctest */ = {isa = PBXFileReference; explicitFileType = wrapper.cfbundle; includeInIndex = 0; path = TheMovieDbTests.xctest; sourceTree = BUILT_PRODUCTS_DIR; };
		ED51BD7C2D1162E5002A1DC8 /* TheMovieDbUITests.xctest */ = {isa = PBXFileReference; explicitFileType = wrapper.cfbundle; includeInIndex = 0; path = TheMovieDbUITests.xctest; sourceTree = BUILT_PRODUCTS_DIR; };
		F557D66E3C4F7B3B3AC550BE /* Pods-TheMovieDb.release.xcconfig */ = {isa = PBXFileReference; includeInIndex = 1; lastKnownFileType = text.xcconfig; name = "Pods-TheMovieDb.release.xcconfig"; path = "Target Support Files/Pods-TheMovieDb/Pods-TheMovieDb.release.xcconfig"; sourceTree = "<group>"; };
		FE07E1ABC60AE0A11B9BE393 /* Pods_TheMovieDbTests.framework */ = {isa = PBXFileReference; explicitFileType = wrapper.framework; includeInIndex = 0; path = Pods_TheMovieDbTests.framework; sourceTree = BUILT_PRODUCTS_DIR; };
/* End PBXFileReference section */

/* Begin PBXFileSystemSynchronizedBuildFileExceptionSet section */
		ED51BD842D1162E5002A1DC8 /* Exceptions for "TheMovieDb" folder in "TheMovieDb" target */ = {
			isa = PBXFileSystemSynchronizedBuildFileExceptionSet;
			membershipExceptions = (
				Info.plist,
			);
			target = ED51BD5B2D1162E1002A1DC8 /* TheMovieDb */;
		};
/* End PBXFileSystemSynchronizedBuildFileExceptionSet section */

/* Begin PBXFileSystemSynchronizedRootGroup section */
		ED51BD5E2D1162E1002A1DC8 /* TheMovieDb */ = {
			isa = PBXFileSystemSynchronizedRootGroup;
			exceptions = (
				ED51BD842D1162E5002A1DC8 /* Exceptions for "TheMovieDb" folder in "TheMovieDb" target */,
			);
			path = TheMovieDb;
			sourceTree = "<group>";
		};
		ED51BD752D1162E5002A1DC8 /* TheMovieDbTests */ = {
			isa = PBXFileSystemSynchronizedRootGroup;
			exceptions = (
			);
			path = TheMovieDbTests;
			sourceTree = "<group>";
		};
		ED51BD7F2D1162E5002A1DC8 /* TheMovieDbUITests */ = {
			isa = PBXFileSystemSynchronizedRootGroup;
			exceptions = (
			);
			path = TheMovieDbUITests;
			sourceTree = "<group>";
		};
/* End PBXFileSystemSynchronizedRootGroup section */

/* Begin PBXFrameworksBuildPhase section */
		ED51BD592D1162E1002A1DC8 /* Frameworks */ = {
			isa = PBXFrameworksBuildPhase;
			buildActionMask = 2147483647;
			files = (
				E797E0AF94D07548E271436E /* Pods_TheMovieDb.framework in Frameworks */,
			);
			runOnlyForDeploymentPostprocessing = 0;
		};
		ED51BD6F2D1162E5002A1DC8 /* Frameworks */ = {
			isa = PBXFrameworksBuildPhase;
			buildActionMask = 2147483647;
			files = (
				7A06228F5A6E39AEAA5D483A /* Pods_TheMovieDbTests.framework in Frameworks */,
			);
			runOnlyForDeploymentPostprocessing = 0;
		};
		ED51BD792D1162E5002A1DC8 /* Frameworks */ = {
			isa = PBXFrameworksBuildPhase;
			buildActionMask = 2147483647;
			files = (
				A56C5E9FF10B7568D0DA3C71 /* Pods_TheMovieDb_TheMovieDbUITests.framework in Frameworks */,
			);
			runOnlyForDeploymentPostprocessing = 0;
		};
/* End PBXFrameworksBuildPhase section */

/* Begin PBXGroup section */
		392780981883A729663D9168 /* Pods */ = {
			isa = PBXGroup;
			children = (
				12249E9E630BC9BE4A103F73 /* Pods-TheMovieDb.debug.xcconfig */,
				F557D66E3C4F7B3B3AC550BE /* Pods-TheMovieDb.release.xcconfig */,
				07A3675D5F20E6FAC43D7465 /* Pods-TheMovieDb-TheMovieDbUITests.debug.xcconfig */,
				1450F952176604A56B5CADB0 /* Pods-TheMovieDb-TheMovieDbUITests.release.xcconfig */,
				C200F542C00E3B5E2CFD77EB /* Pods-TheMovieDbTests.debug.xcconfig */,
				90C488C25A3192F5A24FF538 /* Pods-TheMovieDbTests.release.xcconfig */,
			);
			name = Pods;
			path = Pods;
			sourceTree = "<group>";
		};
		9027824BC5EC1282E46C10AC /* Frameworks */ = {
			isa = PBXGroup;
			children = (
				B8C3824FF16C830B89560D46 /* Pods_TheMovieDb.framework */,
				EAED5FC32019B4ACB4E96800 /* Pods_TheMovieDb_TheMovieDbUITests.framework */,
				FE07E1ABC60AE0A11B9BE393 /* Pods_TheMovieDbTests.framework */,
			);
			name = Frameworks;
			sourceTree = "<group>";
		};
		ED51BD532D1162E1002A1DC8 = {
			isa = PBXGroup;
			children = (
				ED51BD5E2D1162E1002A1DC8 /* TheMovieDb */,
				ED51BD752D1162E5002A1DC8 /* TheMovieDbTests */,
				ED51BD7F2D1162E5002A1DC8 /* TheMovieDbUITests */,
				ED51BD5D2D1162E1002A1DC8 /* Products */,
				392780981883A729663D9168 /* Pods */,
				9027824BC5EC1282E46C10AC /* Frameworks */,
			);
			sourceTree = "<group>";
		};
		ED51BD5D2D1162E1002A1DC8 /* Products */ = {
			isa = PBXGroup;
			children = (
				ED51BD5C2D1162E1002A1DC8 /* TheMovieDb.app */,
				ED51BD722D1162E5002A1DC8 /* TheMovieDbTests.xctest */,
				ED51BD7C2D1162E5002A1DC8 /* TheMovieDbUITests.xctest */,
			);
			name = Products;
			sourceTree = "<group>";
		};
/* End PBXGroup section */

/* Begin PBXNativeTarget section */
		ED51BD5B2D1162E1002A1DC8 /* TheMovieDb */ = {
			isa = PBXNativeTarget;
			buildConfigurationList = ED51BD852D1162E5002A1DC8 /* Build configuration list for PBXNativeTarget "TheMovieDb" */;
			buildPhases = (
				6E2FE46827AC12980254A632 /* [CP] Check Pods Manifest.lock */,
				ED51BD582D1162E1002A1DC8 /* Sources */,
				ED51BD592D1162E1002A1DC8 /* Frameworks */,
				ED51BD5A2D1162E1002A1DC8 /* Resources */,
				E1BA7055A5A4897E214E651B /* [CP] Embed Pods Frameworks */,
			);
			buildRules = (
			);
			dependencies = (
			);
			fileSystemSynchronizedGroups = (
				ED51BD5E2D1162E1002A1DC8 /* TheMovieDb */,
			);
			name = TheMovieDb;
			productName = TheMovieDb;
			productReference = ED51BD5C2D1162E1002A1DC8 /* TheMovieDb.app */;
			productType = "com.apple.product-type.application";
		};
		ED51BD712D1162E5002A1DC8 /* TheMovieDbTests */ = {
			isa = PBXNativeTarget;
			buildConfigurationList = ED51BD8A2D1162E5002A1DC8 /* Build configuration list for PBXNativeTarget "TheMovieDbTests" */;
			buildPhases = (
				49E0A8ABD0B87E133E0C4B6D /* [CP] Check Pods Manifest.lock */,
				ED51BD6E2D1162E5002A1DC8 /* Sources */,
				ED51BD6F2D1162E5002A1DC8 /* Frameworks */,
				ED51BD702D1162E5002A1DC8 /* Resources */,
			);
			buildRules = (
			);
			dependencies = (
				ED51BD742D1162E5002A1DC8 /* PBXTargetDependency */,
			);
			fileSystemSynchronizedGroups = (
				ED51BD752D1162E5002A1DC8 /* TheMovieDbTests */,
			);
			name = TheMovieDbTests;
			productName = TheMovieDbTests;
			productReference = ED51BD722D1162E5002A1DC8 /* TheMovieDbTests.xctest */;
			productType = "com.apple.product-type.bundle.unit-test";
		};
		ED51BD7B2D1162E5002A1DC8 /* TheMovieDbUITests */ = {
			isa = PBXNativeTarget;
			buildConfigurationList = ED51BD8D2D1162E5002A1DC8 /* Build configuration list for PBXNativeTarget "TheMovieDbUITests" */;
			buildPhases = (
				D9828F5B9D5E6F5CD2AE1184 /* [CP] Check Pods Manifest.lock */,
				ED51BD782D1162E5002A1DC8 /* Sources */,
				ED51BD792D1162E5002A1DC8 /* Frameworks */,
				ED51BD7A2D1162E5002A1DC8 /* Resources */,
				F547C9799598229208ACAFD4 /* [CP] Embed Pods Frameworks */,
			);
			buildRules = (
			);
			dependencies = (
				ED51BD7E2D1162E5002A1DC8 /* PBXTargetDependency */,
			);
			fileSystemSynchronizedGroups = (
				ED51BD7F2D1162E5002A1DC8 /* TheMovieDbUITests */,
			);
			name = TheMovieDbUITests;
			productName = TheMovieDbUITests;
			productReference = ED51BD7C2D1162E5002A1DC8 /* TheMovieDbUITests.xctest */;
			productType = "com.apple.product-type.bundle.ui-testing";
		};
/* End PBXNativeTarget section */

/* Begin PBXProject section */
		ED51BD542D1162E1002A1DC8 /* Project object */ = {
			isa = PBXProject;
			attributes = {
				BuildIndependentTargetsInParallel = 1;
				LastSwiftUpdateCheck = 1610;
				LastUpgradeCheck = 1610;
				TargetAttributes = {
					ED51BD5B2D1162E1002A1DC8 = {
						CreatedOnToolsVersion = 16.1;
					};
					ED51BD712D1162E5002A1DC8 = {
						CreatedOnToolsVersion = 16.1;
						TestTargetID = ED51BD5B2D1162E1002A1DC8;
					};
					ED51BD7B2D1162E5002A1DC8 = {
						CreatedOnToolsVersion = 16.1;
						TestTargetID = ED51BD5B2D1162E1002A1DC8;
					};
				};
			};
			buildConfigurationList = ED51BD572D1162E1002A1DC8 /* Build configuration list for PBXProject "TheMovieDb" */;
			developmentRegion = en;
			hasScannedForEncodings = 0;
			knownRegions = (
				en,
				Base,
			);
			mainGroup = ED51BD532D1162E1002A1DC8;
			minimizedProjectReferenceProxies = 1;
			preferredProjectObjectVersion = 77;
			productRefGroup = ED51BD5D2D1162E1002A1DC8 /* Products */;
			projectDirPath = "";
			projectRoot = "";
			targets = (
				ED51BD5B2D1162E1002A1DC8 /* TheMovieDb */,
				ED51BD712D1162E5002A1DC8 /* TheMovieDbTests */,
				ED51BD7B2D1162E5002A1DC8 /* TheMovieDbUITests */,
			);
		};
/* End PBXProject section */

/* Begin PBXResourcesBuildPhase section */
		ED51BD5A2D1162E1002A1DC8 /* Resources */ = {
			isa = PBXResourcesBuildPhase;
			buildActionMask = 2147483647;
			files = (
			);
			runOnlyForDeploymentPostprocessing = 0;
		};
		ED51BD702D1162E5002A1DC8 /* Resources */ = {
			isa = PBXResourcesBuildPhase;
			buildActionMask = 2147483647;
			files = (
			);
			runOnlyForDeploymentPostprocessing = 0;
		};
		ED51BD7A2D1162E5002A1DC8 /* Resources */ = {
			isa = PBXResourcesBuildPhase;
			buildActionMask = 2147483647;
			files = (
			);
			runOnlyForDeploymentPostprocessing = 0;
		};
/* End PBXResourcesBuildPhase section */

/* Begin PBXShellScriptBuildPhase section */
		49E0A8ABD0B87E133E0C4B6D /* [CP] Check Pods Manifest.lock */ = {
			isa = PBXShellScriptBuildPhase;
			buildActionMask = 2147483647;
			files = (
			);
			inputFileListPaths = (
			);
			inputPaths = (
				"${PODS_PODFILE_DIR_PATH}/Podfile.lock",
				"${PODS_ROOT}/Manifest.lock",
			);
			name = "[CP] Check Pods Manifest.lock";
			outputFileListPaths = (
			);
			outputPaths = (
				"$(DERIVED_FILE_DIR)/Pods-TheMovieDbTests-checkManifestLockResult.txt",
			);
			runOnlyForDeploymentPostprocessing = 0;
			shellPath = /bin/sh;
			shellScript = "diff \"${PODS_PODFILE_DIR_PATH}/Podfile.lock\" \"${PODS_ROOT}/Manifest.lock\" > /dev/null\nif [ $? != 0 ] ; then\n    # print error to STDERR\n    echo \"error: The sandbox is not in sync with the Podfile.lock. Run 'pod install' or update your CocoaPods installation.\" >&2\n    exit 1\nfi\n# This output is used by Xcode 'outputs' to avoid re-running this script phase.\necho \"SUCCESS\" > \"${SCRIPT_OUTPUT_FILE_0}\"\n";
			showEnvVarsInLog = 0;
		};
		6E2FE46827AC12980254A632 /* [CP] Check Pods Manifest.lock */ = {
			isa = PBXShellScriptBuildPhase;
			buildActionMask = 2147483647;
			files = (
			);
			inputFileListPaths = (
			);
			inputPaths = (
				"${PODS_PODFILE_DIR_PATH}/Podfile.lock",
				"${PODS_ROOT}/Manifest.lock",
			);
			name = "[CP] Check Pods Manifest.lock";
			outputFileListPaths = (
			);
			outputPaths = (
				"$(DERIVED_FILE_DIR)/Pods-TheMovieDb-checkManifestLockResult.txt",
			);
			runOnlyForDeploymentPostprocessing = 0;
			shellPath = /bin/sh;
			shellScript = "diff \"${PODS_PODFILE_DIR_PATH}/Podfile.lock\" \"${PODS_ROOT}/Manifest.lock\" > /dev/null\nif [ $? != 0 ] ; then\n    # print error to STDERR\n    echo \"error: The sandbox is not in sync with the Podfile.lock. Run 'pod install' or update your CocoaPods installation.\" >&2\n    exit 1\nfi\n# This output is used by Xcode 'outputs' to avoid re-running this script phase.\necho \"SUCCESS\" > \"${SCRIPT_OUTPUT_FILE_0}\"\n";
			showEnvVarsInLog = 0;
		};
		D9828F5B9D5E6F5CD2AE1184 /* [CP] Check Pods Manifest.lock */ = {
			isa = PBXShellScriptBuildPhase;
			buildActionMask = 2147483647;
			files = (
			);
			inputFileListPaths = (
			);
			inputPaths = (
				"${PODS_PODFILE_DIR_PATH}/Podfile.lock",
				"${PODS_ROOT}/Manifest.lock",
			);
			name = "[CP] Check Pods Manifest.lock";
			outputFileListPaths = (
			);
			outputPaths = (
				"$(DERIVED_FILE_DIR)/Pods-TheMovieDb-TheMovieDbUITests-checkManifestLockResult.txt",
			);
			runOnlyForDeploymentPostprocessing = 0;
			shellPath = /bin/sh;
			shellScript = "diff \"${PODS_PODFILE_DIR_PATH}/Podfile.lock\" \"${PODS_ROOT}/Manifest.lock\" > /dev/null\nif [ $? != 0 ] ; then\n    # print error to STDERR\n    echo \"error: The sandbox is not in sync with the Podfile.lock. Run 'pod install' or update your CocoaPods installation.\" >&2\n    exit 1\nfi\n# This output is used by Xcode 'outputs' to avoid re-running this script phase.\necho \"SUCCESS\" > \"${SCRIPT_OUTPUT_FILE_0}\"\n";
			showEnvVarsInLog = 0;
		};
		E1BA7055A5A4897E214E651B /* [CP] Embed Pods Frameworks */ = {
			isa = PBXShellScriptBuildPhase;
			buildActionMask = 2147483647;
			files = (
			);
			inputFileListPaths = (
				"${PODS_ROOT}/Target Support Files/Pods-TheMovieDb/Pods-TheMovieDb-frameworks-${CONFIGURATION}-input-files.xcfilelist",
			);
			name = "[CP] Embed Pods Frameworks";
			outputFileListPaths = (
				"${PODS_ROOT}/Target Support Files/Pods-TheMovieDb/Pods-TheMovieDb-frameworks-${CONFIGURATION}-output-files.xcfilelist",
			);
			runOnlyForDeploymentPostprocessing = 0;
			shellPath = /bin/sh;
			shellScript = "\"${PODS_ROOT}/Target Support Files/Pods-TheMovieDb/Pods-TheMovieDb-frameworks.sh\"\n";
			showEnvVarsInLog = 0;
		};
		F547C9799598229208ACAFD4 /* [CP] Embed Pods Frameworks */ = {
			isa = PBXShellScriptBuildPhase;
			buildActionMask = 2147483647;
			files = (
			);
			inputFileListPaths = (
				"${PODS_ROOT}/Target Support Files/Pods-TheMovieDb-TheMovieDbUITests/Pods-TheMovieDb-TheMovieDbUITests-frameworks-${CONFIGURATION}-input-files.xcfilelist",
			);
			name = "[CP] Embed Pods Frameworks";
			outputFileListPaths = (
				"${PODS_ROOT}/Target Support Files/Pods-TheMovieDb-TheMovieDbUITests/Pods-TheMovieDb-TheMovieDbUITests-frameworks-${CONFIGURATION}-output-files.xcfilelist",
			);
			runOnlyForDeploymentPostprocessing = 0;
			shellPath = /bin/sh;
			shellScript = "\"${PODS_ROOT}/Target Support Files/Pods-TheMovieDb-TheMovieDbUITests/Pods-TheMovieDb-TheMovieDbUITests-frameworks.sh\"\n";
			showEnvVarsInLog = 0;
		};
/* End PBXShellScriptBuildPhase section */

/* Begin PBXSourcesBuildPhase section */
		ED51BD582D1162E1002A1DC8 /* Sources */ = {
			isa = PBXSourcesBuildPhase;
			buildActionMask = 2147483647;
			files = (
			);
			runOnlyForDeploymentPostprocessing = 0;
		};
		ED51BD6E2D1162E5002A1DC8 /* Sources */ = {
			isa = PBXSourcesBuildPhase;
			buildActionMask = 2147483647;
			files = (
			);
			runOnlyForDeploymentPostprocessing = 0;
		};
		ED51BD782D1162E5002A1DC8 /* Sources */ = {
			isa = PBXSourcesBuildPhase;
			buildActionMask = 2147483647;
			files = (
			);
			runOnlyForDeploymentPostprocessing = 0;
		};
/* End PBXSourcesBuildPhase section */

/* Begin PBXTargetDependency section */
		ED51BD742D1162E5002A1DC8 /* PBXTargetDependency */ = {
			isa = PBXTargetDependency;
			target = ED51BD5B2D1162E1002A1DC8 /* TheMovieDb */;
			targetProxy = ED51BD732D1162E5002A1DC8 /* PBXContainerItemProxy */;
		};
		ED51BD7E2D1162E5002A1DC8 /* PBXTargetDependency */ = {
			isa = PBXTargetDependency;
			target = ED51BD5B2D1162E1002A1DC8 /* TheMovieDb */;
			targetProxy = ED51BD7D2D1162E5002A1DC8 /* PBXContainerItemProxy */;
		};
/* End PBXTargetDependency section */

/* Begin XCBuildConfiguration section */
		ED51BD862D1162E5002A1DC8 /* Debug */ = {
			isa = XCBuildConfiguration;
			baseConfigurationReference = 12249E9E630BC9BE4A103F73 /* Pods-TheMovieDb.debug.xcconfig */;
			buildSettings = {
				ASSETCATALOG_COMPILER_APPICON_NAME = AppIcon;
				ASSETCATALOG_COMPILER_GLOBAL_ACCENT_COLOR_NAME = AccentColor;
				ASSETCATALOG_COMPILER_INCLUDE_ALL_APPICON_ASSETS = NO;
				CODE_SIGN_STYLE = Automatic;
				CURRENT_PROJECT_VERSION = 1;
				GENERATE_INFOPLIST_FILE = YES;
				INFOPLIST_FILE = TheMovieDb/Info.plist;
				INFOPLIST_KEY_UIApplicationSupportsIndirectInputEvents = YES;
				INFOPLIST_KEY_UIMainStoryboardFile = LaunchScreen;
				INFOPLIST_KEY_UISupportedInterfaceOrientations_iPad = "UIInterfaceOrientationPortrait UIInterfaceOrientationPortraitUpsideDown UIInterfaceOrientationLandscapeLeft UIInterfaceOrientationLandscapeRight";
				INFOPLIST_KEY_UISupportedInterfaceOrientations_iPhone = "UIInterfaceOrientationPortrait UIInterfaceOrientationLandscapeLeft UIInterfaceOrientationLandscapeRight";
				IPHONEOS_DEPLOYMENT_TARGET = 15;
				LD_RUNPATH_SEARCH_PATHS = (
					"$(inherited)",
					"@executable_path/Frameworks",
				);
				MARKETING_VERSION = 1.0;
				PRODUCT_BUNDLE_IDENTIFIER = com.emrizkiem.TheMovieDb;
				PRODUCT_NAME = "$(TARGET_NAME)";
				SUPPORTED_PLATFORMS = "iphoneos iphonesimulator";
				SUPPORTS_MACCATALYST = NO;
				SUPPORTS_MAC_DESIGNED_FOR_IPHONE_IPAD = NO;
				SUPPORTS_XR_DESIGNED_FOR_IPHONE_IPAD = NO;
				SWIFT_EMIT_LOC_STRINGS = YES;
				SWIFT_VERSION = 5.0;
				TARGETED_DEVICE_FAMILY = 1;
			};
			name = Debug;
		};
		ED51BD872D1162E5002A1DC8 /* Release */ = {
			isa = XCBuildConfiguration;
			baseConfigurationReference = F557D66E3C4F7B3B3AC550BE /* Pods-TheMovieDb.release.xcconfig */;
			buildSettings = {
				ASSETCATALOG_COMPILER_APPICON_NAME = AppIcon;
				ASSETCATALOG_COMPILER_GLOBAL_ACCENT_COLOR_NAME = AccentColor;
				ASSETCATALOG_COMPILER_INCLUDE_ALL_APPICON_ASSETS = NO;
				CODE_SIGN_STYLE = Automatic;
				CURRENT_PROJECT_VERSION = 1;
				GENERATE_INFOPLIST_FILE = YES;
				INFOPLIST_FILE = TheMovieDb/Info.plist;
				INFOPLIST_KEY_UIApplicationSupportsIndirectInputEvents = YES;
				INFOPLIST_KEY_UIMainStoryboardFile = LaunchScreen;
				INFOPLIST_KEY_UISupportedInterfaceOrientations_iPad = "UIInterfaceOrientationPortrait UIInterfaceOrientationPortraitUpsideDown UIInterfaceOrientationLandscapeLeft UIInterfaceOrientationLandscapeRight";
				INFOPLIST_KEY_UISupportedInterfaceOrientations_iPhone = "UIInterfaceOrientationPortrait UIInterfaceOrientationLandscapeLeft UIInterfaceOrientationLandscapeRight";
				IPHONEOS_DEPLOYMENT_TARGET = 15;
				LD_RUNPATH_SEARCH_PATHS = (
					"$(inherited)",
					"@executable_path/Frameworks",
				);
				MARKETING_VERSION = 1.0;
				PRODUCT_BUNDLE_IDENTIFIER = com.emrizkiem.TheMovieDb;
				PRODUCT_NAME = "$(TARGET_NAME)";
				SUPPORTED_PLATFORMS = "iphoneos iphonesimulator";
				SUPPORTS_MACCATALYST = NO;
				SUPPORTS_MAC_DESIGNED_FOR_IPHONE_IPAD = NO;
				SUPPORTS_XR_DESIGNED_FOR_IPHONE_IPAD = NO;
				SWIFT_EMIT_LOC_STRINGS = YES;
				SWIFT_VERSION = 5.0;
				TARGETED_DEVICE_FAMILY = 1;
			};
			name = Release;
		};
		ED51BD882D1162E5002A1DC8 /* Debug */ = {
			isa = XCBuildConfiguration;
			buildSettings = {
				ALWAYS_SEARCH_USER_PATHS = NO;
				ASSETCATALOG_COMPILER_GENERATE_SWIFT_ASSET_SYMBOL_EXTENSIONS = YES;
				CLANG_ANALYZER_NONNULL = YES;
				CLANG_ANALYZER_NUMBER_OBJECT_CONVERSION = YES_AGGRESSIVE;
				CLANG_CXX_LANGUAGE_STANDARD = "gnu++20";
				CLANG_ENABLE_MODULES = YES;
				CLANG_ENABLE_OBJC_ARC = YES;
				CLANG_ENABLE_OBJC_WEAK = YES;
				CLANG_WARN_BLOCK_CAPTURE_AUTORELEASING = YES;
				CLANG_WARN_BOOL_CONVERSION = YES;
				CLANG_WARN_COMMA = YES;
				CLANG_WARN_CONSTANT_CONVERSION = YES;
				CLANG_WARN_DEPRECATED_OBJC_IMPLEMENTATIONS = YES;
				CLANG_WARN_DIRECT_OBJC_ISA_USAGE = YES_ERROR;
				CLANG_WARN_DOCUMENTATION_COMMENTS = YES;
				CLANG_WARN_EMPTY_BODY = YES;
				CLANG_WARN_ENUM_CONVERSION = YES;
				CLANG_WARN_INFINITE_RECURSION = YES;
				CLANG_WARN_INT_CONVERSION = YES;
				CLANG_WARN_NON_LITERAL_NULL_CONVERSION = YES;
				CLANG_WARN_OBJC_IMPLICIT_RETAIN_SELF = YES;
				CLANG_WARN_OBJC_LITERAL_CONVERSION = YES;
				CLANG_WARN_OBJC_ROOT_CLASS = YES_ERROR;
				CLANG_WARN_QUOTED_INCLUDE_IN_FRAMEWORK_HEADER = YES;
				CLANG_WARN_RANGE_LOOP_ANALYSIS = YES;
				CLANG_WARN_STRICT_PROTOTYPES = YES;
				CLANG_WARN_SUSPICIOUS_MOVE = YES;
				CLANG_WARN_UNGUARDED_AVAILABILITY = YES_AGGRESSIVE;
				CLANG_WARN_UNREACHABLE_CODE = YES;
				CLANG_WARN__DUPLICATE_METHOD_MATCH = YES;
				COPY_PHASE_STRIP = NO;
				DEBUG_INFORMATION_FORMAT = dwarf;
				ENABLE_STRICT_OBJC_MSGSEND = YES;
				ENABLE_TESTABILITY = YES;
				ENABLE_USER_SCRIPT_SANDBOXING = YES;
				GCC_C_LANGUAGE_STANDARD = gnu17;
				GCC_DYNAMIC_NO_PIC = NO;
				GCC_NO_COMMON_BLOCKS = YES;
				GCC_OPTIMIZATION_LEVEL = 0;
				GCC_PREPROCESSOR_DEFINITIONS = (
					"DEBUG=1",
					"$(inherited)",
				);
				GCC_WARN_64_TO_32_BIT_CONVERSION = YES;
				GCC_WARN_ABOUT_RETURN_TYPE = YES_ERROR;
				GCC_WARN_UNDECLARED_SELECTOR = YES;
				GCC_WARN_UNINITIALIZED_AUTOS = YES_AGGRESSIVE;
				GCC_WARN_UNUSED_FUNCTION = YES;
				GCC_WARN_UNUSED_VARIABLE = YES;
				IPHONEOS_DEPLOYMENT_TARGET = 18.1;
				LOCALIZATION_PREFERS_STRING_CATALOGS = YES;
				MTL_ENABLE_DEBUG_INFO = INCLUDE_SOURCE;
				MTL_FAST_MATH = YES;
				ONLY_ACTIVE_ARCH = YES;
				SDKROOT = iphoneos;
				SWIFT_ACTIVE_COMPILATION_CONDITIONS = "DEBUG $(inherited)";
				SWIFT_OPTIMIZATION_LEVEL = "-Onone";
			};
			name = Debug;
		};
		ED51BD892D1162E5002A1DC8 /* Release */ = {
			isa = XCBuildConfiguration;
			buildSettings = {
				ALWAYS_SEARCH_USER_PATHS = NO;
				ASSETCATALOG_COMPILER_GENERATE_SWIFT_ASSET_SYMBOL_EXTENSIONS = YES;
				CLANG_ANALYZER_NONNULL = YES;
				CLANG_ANALYZER_NUMBER_OBJECT_CONVERSION = YES_AGGRESSIVE;
				CLANG_CXX_LANGUAGE_STANDARD = "gnu++20";
				CLANG_ENABLE_MODULES = YES;
				CLANG_ENABLE_OBJC_ARC = YES;
				CLANG_ENABLE_OBJC_WEAK = YES;
				CLANG_WARN_BLOCK_CAPTURE_AUTORELEASING = YES;
				CLANG_WARN_BOOL_CONVERSION = YES;
				CLANG_WARN_COMMA = YES;
				CLANG_WARN_CONSTANT_CONVERSION = YES;
				CLANG_WARN_DEPRECATED_OBJC_IMPLEMENTATIONS = YES;
				CLANG_WARN_DIRECT_OBJC_ISA_USAGE = YES_ERROR;
				CLANG_WARN_DOCUMENTATION_COMMENTS = YES;
				CLANG_WARN_EMPTY_BODY = YES;
				CLANG_WARN_ENUM_CONVERSION = YES;
				CLANG_WARN_INFINITE_RECURSION = YES;
				CLANG_WARN_INT_CONVERSION = YES;
				CLANG_WARN_NON_LITERAL_NULL_CONVERSION = YES;
				CLANG_WARN_OBJC_IMPLICIT_RETAIN_SELF = YES;
				CLANG_WARN_OBJC_LITERAL_CONVERSION = YES;
				CLANG_WARN_OBJC_ROOT_CLASS = YES_ERROR;
				CLANG_WARN_QUOTED_INCLUDE_IN_FRAMEWORK_HEADER = YES;
				CLANG_WARN_RANGE_LOOP_ANALYSIS = YES;
				CLANG_WARN_STRICT_PROTOTYPES = YES;
				CLANG_WARN_SUSPICIOUS_MOVE = YES;
				CLANG_WARN_UNGUARDED_AVAILABILITY = YES_AGGRESSIVE;
				CLANG_WARN_UNREACHABLE_CODE = YES;
				CLANG_WARN__DUPLICATE_METHOD_MATCH = YES;
				COPY_PHASE_STRIP = NO;
				DEBUG_INFORMATION_FORMAT = "dwarf-with-dsym";
				ENABLE_NS_ASSERTIONS = NO;
				ENABLE_STRICT_OBJC_MSGSEND = YES;
				ENABLE_USER_SCRIPT_SANDBOXING = YES;
				GCC_C_LANGUAGE_STANDARD = gnu17;
				GCC_NO_COMMON_BLOCKS = YES;
				GCC_WARN_64_TO_32_BIT_CONVERSION = YES;
				GCC_WARN_ABOUT_RETURN_TYPE = YES_ERROR;
				GCC_WARN_UNDECLARED_SELECTOR = YES;
				GCC_WARN_UNINITIALIZED_AUTOS = YES_AGGRESSIVE;
				GCC_WARN_UNUSED_FUNCTION = YES;
				GCC_WARN_UNUSED_VARIABLE = YES;
				IPHONEOS_DEPLOYMENT_TARGET = 18.1;
				LOCALIZATION_PREFERS_STRING_CATALOGS = YES;
				MTL_ENABLE_DEBUG_INFO = NO;
				MTL_FAST_MATH = YES;
				SDKROOT = iphoneos;
				SWIFT_COMPILATION_MODE = wholemodule;
				VALIDATE_PRODUCT = YES;
			};
			name = Release;
		};
		ED51BD8B2D1162E5002A1DC8 /* Debug */ = {
			isa = XCBuildConfiguration;
			baseConfigurationReference = C200F542C00E3B5E2CFD77EB /* Pods-TheMovieDbTests.debug.xcconfig */;
			buildSettings = {
				BUNDLE_LOADER = "$(TEST_HOST)";
				CODE_SIGN_STYLE = Automatic;
				CURRENT_PROJECT_VERSION = 1;
				GENERATE_INFOPLIST_FILE = YES;
				IPHONEOS_DEPLOYMENT_TARGET = 18.1;
				MARKETING_VERSION = 1.0;
				PRODUCT_BUNDLE_IDENTIFIER = com.emrizkiem.TheMovieDbTests;
				PRODUCT_NAME = "$(TARGET_NAME)";
				SWIFT_EMIT_LOC_STRINGS = NO;
				SWIFT_VERSION = 5.0;
				TARGETED_DEVICE_FAMILY = "1,2";
				TEST_HOST = "$(BUILT_PRODUCTS_DIR)/TheMovieDb.app/$(BUNDLE_EXECUTABLE_FOLDER_PATH)/TheMovieDb";
			};
			name = Debug;
		};
		ED51BD8C2D1162E5002A1DC8 /* Release */ = {
			isa = XCBuildConfiguration;
			baseConfigurationReference = 90C488C25A3192F5A24FF538 /* Pods-TheMovieDbTests.release.xcconfig */;
			buildSettings = {
				BUNDLE_LOADER = "$(TEST_HOST)";
				CODE_SIGN_STYLE = Automatic;
				CURRENT_PROJECT_VERSION = 1;
				GENERATE_INFOPLIST_FILE = YES;
				IPHONEOS_DEPLOYMENT_TARGET = 18.1;
				MARKETING_VERSION = 1.0;
				PRODUCT_BUNDLE_IDENTIFIER = com.emrizkiem.TheMovieDbTests;
				PRODUCT_NAME = "$(TARGET_NAME)";
				SWIFT_EMIT_LOC_STRINGS = NO;
				SWIFT_VERSION = 5.0;
				TARGETED_DEVICE_FAMILY = "1,2";
				TEST_HOST = "$(BUILT_PRODUCTS_DIR)/TheMovieDb.app/$(BUNDLE_EXECUTABLE_FOLDER_PATH)/TheMovieDb";
			};
			name = Release;
		};
		ED51BD8E2D1162E5002A1DC8 /* Debug */ = {
			isa = XCBuildConfiguration;
			baseConfigurationReference = 07A3675D5F20E6FAC43D7465 /* Pods-TheMovieDb-TheMovieDbUITests.debug.xcconfig */;
			buildSettings = {
				CODE_SIGN_STYLE = Automatic;
				CURRENT_PROJECT_VERSION = 1;
				GENERATE_INFOPLIST_FILE = YES;
				MARKETING_VERSION = 1.0;
				PRODUCT_BUNDLE_IDENTIFIER = com.emrizkiem.TheMovieDbUITests;
				PRODUCT_NAME = "$(TARGET_NAME)";
				SWIFT_EMIT_LOC_STRINGS = NO;
				SWIFT_VERSION = 5.0;
				TARGETED_DEVICE_FAMILY = "1,2";
				TEST_TARGET_NAME = TheMovieDb;
			};
			name = Debug;
		};
		ED51BD8F2D1162E5002A1DC8 /* Release */ = {
			isa = XCBuildConfiguration;
			baseConfigurationReference = 1450F952176604A56B5CADB0 /* Pods-TheMovieDb-TheMovieDbUITests.release.xcconfig */;
			buildSettings = {
				CODE_SIGN_STYLE = Automatic;
				CURRENT_PROJECT_VERSION = 1;
				GENERATE_INFOPLIST_FILE = YES;
				MARKETING_VERSION = 1.0;
				PRODUCT_BUNDLE_IDENTIFIER = com.emrizkiem.TheMovieDbUITests;
				PRODUCT_NAME = "$(TARGET_NAME)";
				SWIFT_EMIT_LOC_STRINGS = NO;
				SWIFT_VERSION = 5.0;
				TARGETED_DEVICE_FAMILY = "1,2";
				TEST_TARGET_NAME = TheMovieDb;
			};
			name = Release;
		};
/* End XCBuildConfiguration section */

/* Begin XCConfigurationList section */
		ED51BD572D1162E1002A1DC8 /* Build configuration list for PBXProject "TheMovieDb" */ = {
			isa = XCConfigurationList;
			buildConfigurations = (
				ED51BD882D1162E5002A1DC8 /* Debug */,
				ED51BD892D1162E5002A1DC8 /* Release */,
			);
			defaultConfigurationIsVisible = 0;
			defaultConfigurationName = Release;
		};
		ED51BD852D1162E5002A1DC8 /* Build configuration list for PBXNativeTarget "TheMovieDb" */ = {
			isa = XCConfigurationList;
			buildConfigurations = (
				ED51BD862D1162E5002A1DC8 /* Debug */,
				ED51BD872D1162E5002A1DC8 /* Release */,
			);
			defaultConfigurationIsVisible = 0;
			defaultConfigurationName = Release;
		};
		ED51BD8A2D1162E5002A1DC8 /* Build configuration list for PBXNativeTarget "TheMovieDbTests" */ = {
			isa = XCConfigurationList;
			buildConfigurations = (
				ED51BD8B2D1162E5002A1DC8 /* Debug */,
				ED51BD8C2D1162E5002A1DC8 /* Release */,
			);
			defaultConfigurationIsVisible = 0;
			defaultConfigurationName = Release;
		};
		ED51BD8D2D1162E5002A1DC8 /* Build configuration list for PBXNativeTarget "TheMovieDbUITests" */ = {
			isa = XCConfigurationList;
			buildConfigurations = (
				ED51BD8E2D1162E5002A1DC8 /* Debug */,
				ED51BD8F2D1162E5002A1DC8 /* Release */,
			);
			defaultConfigurationIsVisible = 0;
			defaultConfigurationName = Release;
		};
/* End XCConfigurationList section */
	};
	rootObject = ED51BD542D1162E1002A1DC8 /* Project object */;
}
